{
  "object": {
    "pins": [
      {
        "package": "AppUpdater",
        "repositoryURL": "https://github.com/mxcl/AppUpdater.git",
        "state": {
          "branch": null,
          "revision": "1b60169700489f16cfbe2feb6b1e32ca5c9464b8",
          "version": "1.1.1"
        }
      },
      {
        "package": "PMKFoundation",
        "repositoryURL": "https://github.com/PromiseKit/Foundation",
        "state": {
          "branch": null,
          "revision": "985f17fa69ee0e5b7eb3ff9be87ffc4e05fc0927",
          "version": "3.4.0"
        }
      },
      {
        "package": "Path.swift",
        "repositoryURL": "https://github.com/mxcl/Path.swift",
        "state": {
          "branch": null,
          "revision": "9c6f807b0a76be0e27aecc908bc6f173400d839e",
          "version": "1.4.0"
        }
      },
      {
        "package": "PromiseKit",
        "repositoryURL": "https://github.com/mxcl/PromiseKit.git",
        "state": {
          "branch": null,
          "revision": "43772616c46a44a9977e41924ae01d0e55f2f9ca",
          "version": "6.18.1"
        }
      },
      {
        "package": "Version",
        "repositoryURL": "https://github.com/mxcl/Version",
        "state": {
          "branch": null,
          "revision": "200046c93f6d5d78a6d72bfd9c0b27a95e9c0a2b",
          "version": "1.2.0"
        }
      }
    ]
  },
  "version": 1
}
